
Microsoft Visual Studio Solution File, Format Version 12.00
# Visual Studio 2013
Project("{FAE04EC0-301F-11D3-BF4B-00C04F79EFBC}") = "ColorfulAR 0.3.CSharp.Plugins", "ColorfulAR 0.3.CSharp.Plugins.csproj", "{D3B3F9E0-9127-7835-2D52-08D4AF83A770}"
EndProject
Project("{FAE04EC0-301F-11D3-BF4B-00C04F79EFBC}") = "ColorfulAR 0.3.CSharp", "ColorfulAR 0.3.CSharp.csproj", "{9F77857E-72FD-912F-5E60-F7A1268D3552}"
EndProject
Project("{FAE04EC0-301F-11D3-BF4B-00C04F79EFBC}") = "ColorfulAR 0.3.CSharp.Editor.Plugins", "ColorfulAR 0.3.CSharp.Editor.Plugins.csproj", "{90DE3D1A-6369-4552-1426-2E5EEB80DE8C}"
EndProject
Project("{FAE04EC0-301F-11D3-BF4B-00C04F79EFBC}") = "ColorfulAR 0.3.CSharp.Editor", "ColorfulAR 0.3.CSharp.Editor.csproj", "{433C0A82-0269-A740-3B28-49FE2169D838}"
EndProject
Global
	GlobalSection(SolutionConfigurationPlatforms) = preSolution
		Debug|Any CPU = Debug|Any CPU
		Release|Any CPU = Release|Any CPU
	EndGlobalSection
	GlobalSection(ProjectConfigurationPlatforms) = postSolution
		{D3B3F9E0-9127-7835-2D52-08D4AF83A770}.Debug|Any CPU.ActiveCfg = Debug|Any CPU
		{D3B3F9E0-9127-7835-2D52-08D4AF83A770}.Debug|Any CPU.Build.0 = Debug|Any CPU
		{D3B3F9E0-9127-7835-2D52-08D4AF83A770}.Release|Any CPU.ActiveCfg = Release|Any CPU
		{D3B3F9E0-9127-7835-2D52-08D4AF83A770}.Release|Any CPU.Build.0 = Release|Any CPU
		{9F77857E-72FD-912F-5E60-F7A1268D3552}.Debug|Any CPU.ActiveCfg = Debug|Any CPU
		{9F77857E-72FD-912F-5E60-F7A1268D3552}.Debug|Any CPU.Build.0 = Debug|Any CPU
		{9F77857E-72FD-912F-5E60-F7A1268D3552}.Release|Any CPU.ActiveCfg = Release|Any CPU
		{9F77857E-72FD-912F-5E60-F7A1268D3552}.Release|Any CPU.Build.0 = Release|Any CPU
		{90DE3D1A-6369-4552-1426-2E5EEB80DE8C}.Debug|Any CPU.ActiveCfg = Debug|Any CPU
		{90DE3D1A-6369-4552-1426-2E5EEB80DE8C}.Debug|Any CPU.Build.0 = Debug|Any CPU
		{90DE3D1A-6369-4552-1426-2E5EEB80DE8C}.Release|Any CPU.ActiveCfg = Release|Any CPU
		{90DE3D1A-6369-4552-1426-2E5EEB80DE8C}.Release|Any CPU.Build.0 = Release|Any CPU
		{433C0A82-0269-A740-3B28-49FE2169D838}.Debug|Any CPU.ActiveCfg = Debug|Any CPU
		{433C0A82-0269-A740-3B28-49FE2169D838}.Debug|Any CPU.Build.0 = Debug|Any CPU
		{433C0A82-0269-A740-3B28-49FE2169D838}.Release|Any CPU.ActiveCfg = Release|Any CPU
		{433C0A82-0269-A740-3B28-49FE2169D838}.Release|Any CPU.Build.0 = Release|Any CPU
	EndGlobalSection
	GlobalSection(SolutionProperties) = preSolution
		HideSolutionNode = FALSE
	EndGlobalSection
EndGlobal
